
Microsoft Visual Studio Solution File, Format Version 12.00
# Visual Studio Version 16
VisualStudioVersion = 16.0.810.15
MinimumVisualStudioVersion = 10.0.40219.1
Project("{FAE04EC0-301F-11D3-BF4B-00C04F79EFBC}") = "FlowerFrontToBack", "FlowerFrontToBack\FlowerFrontToBack.csproj", "{9EB4768E-3CB2-4C6F-A39F-9091BC62687B}"
EndProject
Global
	GlobalSection(SolutionConfigurationPlatforms) = preSolution
		Debug|Any CPU = Debug|Any CPU
		Release|Any CPU = Release|Any CPU
	EndGlobalSection
	GlobalSection(ProjectConfigurationPlatforms) = postSolution
		{9EB4768E-3CB2-4C6F-A39F-9091BC62687B}.Debug|Any CPU.ActiveCfg = Debug|Any CPU
		{9EB4768E-3CB2-4C6F-A39F-9091BC62687B}.Debug|Any CPU.Build.0 = Debug|Any CPU
		{9EB4768E-3CB2-4C6F-A39F-9091BC62687B}.Release|Any CPU.ActiveCfg = Release|Any CPU
		{9EB4768E-3CB2-4C6F-A39F-9091BC62687B}.Release|Any CPU.Build.0 = Release|Any CPU
	EndGlobalSection
	GlobalSection(SolutionProperties) = preSolution
		HideSolutionNode = FALSE
	EndGlobalSection
	GlobalSection(ExtensibilityGlobals) = postSolution
		SolutionGuid = {48611DEA-8D91-4C90-885F-7DCC2AC638D6}
	EndGlobalSection
EndGlobal
